
Microsoft Visual Studio Solution File, Format Version 12.00
# Visual Studio Version 16
VisualStudioVersion = 16.0.29519.87
MinimumVisualStudioVersion = 10.0.40219.1
Project("{9A19103F-16F7-4668-BE54-9A1E7A4F7556}") = "Experion.MyCart", "Experion.eXFIN\Experion.MyCart.csproj", "{123F247C-B78E-46B8-BDC3-AFDDEE6CEA48}"
EndProject
Project("{9A19103F-16F7-4668-BE54-9A1E7A4F7556}") = "Experion.MyCart.Services", "Experion.eXFIN.Services\Experion.MyCart.Services.csproj", "{42E3F5FF-EEB8-4B1D-8B76-E73780182B3F}"
EndProject
Project("{9A19103F-16F7-4668-BE54-9A1E7A4F7556}") = "Experion.MyCart.Data", "Experion.eXFIN.Data\Experion.MyCart.Data.csproj", "{D2D7F7B8-4192-459A-9ACC-A97FAB536457}"
EndProject
Global
	GlobalSection(SolutionConfigurationPlatforms) = preSolution
		Debug|Any CPU = Debug|Any CPU
		Release|Any CPU = Release|Any CPU
	EndGlobalSection
	GlobalSection(ProjectConfigurationPlatforms) = postSolution
		{123F247C-B78E-46B8-BDC3-AFDDEE6CEA48}.Debug|Any CPU.ActiveCfg = Debug|Any CPU
		{123F247C-B78E-46B8-BDC3-AFDDEE6CEA48}.Debug|Any CPU.Build.0 = Debug|Any CPU
		{123F247C-B78E-46B8-BDC3-AFDDEE6CEA48}.Release|Any CPU.ActiveCfg = Release|Any CPU
		{123F247C-B78E-46B8-BDC3-AFDDEE6CEA48}.Release|Any CPU.Build.0 = Release|Any CPU
		{42E3F5FF-EEB8-4B1D-8B76-E73780182B3F}.Debug|Any CPU.ActiveCfg = Debug|Any CPU
		{42E3F5FF-EEB8-4B1D-8B76-E73780182B3F}.Debug|Any CPU.Build.0 = Debug|Any CPU
		{42E3F5FF-EEB8-4B1D-8B76-E73780182B3F}.Release|Any CPU.ActiveCfg = Release|Any CPU
		{42E3F5FF-EEB8-4B1D-8B76-E73780182B3F}.Release|Any CPU.Build.0 = Release|Any CPU
		{D2D7F7B8-4192-459A-9ACC-A97FAB536457}.Debug|Any CPU.ActiveCfg = Debug|Any CPU
		{D2D7F7B8-4192-459A-9ACC-A97FAB536457}.Debug|Any CPU.Build.0 = Debug|Any CPU
		{D2D7F7B8-4192-459A-9ACC-A97FAB536457}.Release|Any CPU.ActiveCfg = Release|Any CPU
		{D2D7F7B8-4192-459A-9ACC-A97FAB536457}.Release|Any CPU.Build.0 = Release|Any CPU
	EndGlobalSection
	GlobalSection(SolutionProperties) = preSolution
		HideSolutionNode = FALSE
	EndGlobalSection
	GlobalSection(ExtensibilityGlobals) = postSolution
		SolutionGuid = {97324F64-7D36-4376-A979-E92DDCC050D5}
	EndGlobalSection
EndGlobal
